
Microsoft Visual Studio Solution File, Format Version 12.00
# Visual Studio Version 16
VisualStudioVersion = 16.0.28803.452
MinimumVisualStudioVersion = 10.0.40219.1
Project("{FAE04EC0-301F-11D3-BF4B-00C04F79EFBC}") = "TwitchChat", "TwitchChat\TwitchChat.csproj", "{58A45145-6D6A-4544-9F7D-EF70966623ED}"
EndProject
Project("{FAE04EC0-301F-11D3-BF4B-00C04F79EFBC}") = "Test", "Test\Test.csproj", "{4B02D057-33D3-4680-B5CC-69F345E38677}"
EndProject
Global
	GlobalSection(SolutionConfigurationPlatforms) = preSolution
		Debug|Any CPU = Debug|Any CPU
		Release|Any CPU = Release|Any CPU
	EndGlobalSection
	GlobalSection(ProjectConfigurationPlatforms) = postSolution
		{58A45145-6D6A-4544-9F7D-EF70966623ED}.Debug|Any CPU.ActiveCfg = Debug|Any CPU
		{58A45145-6D6A-4544-9F7D-EF70966623ED}.Debug|Any CPU.Build.0 = Debug|Any CPU
		{58A45145-6D6A-4544-9F7D-EF70966623ED}.Release|Any CPU.ActiveCfg = Release|Any CPU
		{58A45145-6D6A-4544-9F7D-EF70966623ED}.Release|Any CPU.Build.0 = Release|Any CPU
		{4B02D057-33D3-4680-B5CC-69F345E38677}.Debug|Any CPU.ActiveCfg = Debug|Any CPU
		{4B02D057-33D3-4680-B5CC-69F345E38677}.Debug|Any CPU.Build.0 = Debug|Any CPU
		{4B02D057-33D3-4680-B5CC-69F345E38677}.Release|Any CPU.ActiveCfg = Release|Any CPU
		{4B02D057-33D3-4680-B5CC-69F345E38677}.Release|Any CPU.Build.0 = Release|Any CPU
	EndGlobalSection
	GlobalSection(SolutionProperties) = preSolution
		HideSolutionNode = FALSE
	EndGlobalSection
	GlobalSection(ExtensibilityGlobals) = postSolution
		SolutionGuid = {27370E0B-4D21-433B-B3CA-6BF7236B0D41}
	EndGlobalSection
EndGlobal
